
Microsoft Visual Studio Solution File, Format Version 12.00
# Visual Studio Version 16
VisualStudioVersion = 16.0.29209.62
MinimumVisualStudioVersion = 15.0.26124.0
Project("{9A19103F-16F7-4668-BE54-9A1E7A4F7556}") = "MeetMe.Service", "MeetMe.Service\MeetMe.Service.csproj", "{618C45E6-D1E8-4750-836C-04E4D003BB2C}"
EndProject
Project("{9A19103F-16F7-4668-BE54-9A1E7A4F7556}") = "MeetMe.Domain", "MeetMe.Domain\MeetMe.Domain.csproj", "{4F6A210E-5CB3-4164-B80C-5EACB288F417}"
EndProject
Project("{9A19103F-16F7-4668-BE54-9A1E7A4F7556}") = "MeetMe.Application", "MeetMe.Application\MeetMe.Application.csproj", "{57E0A5A1-D6CA-48DD-9437-9F8FDA14E7AD}"
EndProject
Project("{9A19103F-16F7-4668-BE54-9A1E7A4F7556}") = "MeetMe.Authentication", "MeetMe.Authentication\MeetMe.Authentication.csproj", "{65CFBB62-7544-436D-84D8-0D61C0E17217}"
EndProject
Project("{FAE04EC0-301F-11D3-BF4B-00C04F79EFBC}") = "MeetMe.Mocks", "MeetMe.Mocks\MeetMe.Mocks.csproj", "{701F543B-4BE4-4AA0-BE9C-E88A8CE3B74F}"
EndProject
Global
	GlobalSection(SolutionConfigurationPlatforms) = preSolution
		Debug|Any CPU = Debug|Any CPU
		Debug|x64 = Debug|x64
		Debug|x86 = Debug|x86
		Release|Any CPU = Release|Any CPU
		Release|x64 = Release|x64
		Release|x86 = Release|x86
	EndGlobalSection
	GlobalSection(ProjectConfigurationPlatforms) = postSolution
		{618C45E6-D1E8-4750-836C-04E4D003BB2C}.Debug|Any CPU.ActiveCfg = Debug|Any CPU
		{618C45E6-D1E8-4750-836C-04E4D003BB2C}.Debug|Any CPU.Build.0 = Debug|Any CPU
		{618C45E6-D1E8-4750-836C-04E4D003BB2C}.Debug|x64.ActiveCfg = Debug|Any CPU
		{618C45E6-D1E8-4750-836C-04E4D003BB2C}.Debug|x64.Build.0 = Debug|Any CPU
		{618C45E6-D1E8-4750-836C-04E4D003BB2C}.Debug|x86.ActiveCfg = Debug|Any CPU
		{618C45E6-D1E8-4750-836C-04E4D003BB2C}.Debug|x86.Build.0 = Debug|Any CPU
		{618C45E6-D1E8-4750-836C-04E4D003BB2C}.Release|Any CPU.ActiveCfg = Release|Any CPU
		{618C45E6-D1E8-4750-836C-04E4D003BB2C}.Release|Any CPU.Build.0 = Release|Any CPU
		{618C45E6-D1E8-4750-836C-04E4D003BB2C}.Release|x64.ActiveCfg = Release|Any CPU
		{618C45E6-D1E8-4750-836C-04E4D003BB2C}.Release|x64.Build.0 = Release|Any CPU
		{618C45E6-D1E8-4750-836C-04E4D003BB2C}.Release|x86.ActiveCfg = Release|Any CPU
		{618C45E6-D1E8-4750-836C-04E4D003BB2C}.Release|x86.Build.0 = Release|Any CPU
		{4F6A210E-5CB3-4164-B80C-5EACB288F417}.Debug|Any CPU.ActiveCfg = Debug|Any CPU
		{4F6A210E-5CB3-4164-B80C-5EACB288F417}.Debug|Any CPU.Build.0 = Debug|Any CPU
		{4F6A210E-5CB3-4164-B80C-5EACB288F417}.Debug|x64.ActiveCfg = Debug|Any CPU
		{4F6A210E-5CB3-4164-B80C-5EACB288F417}.Debug|x64.Build.0 = Debug|Any CPU
		{4F6A210E-5CB3-4164-B80C-5EACB288F417}.Debug|x86.ActiveCfg = Debug|Any CPU
		{4F6A210E-5CB3-4164-B80C-5EACB288F417}.Debug|x86.Build.0 = Debug|Any CPU
		{4F6A210E-5CB3-4164-B80C-5EACB288F417}.Release|Any CPU.ActiveCfg = Release|Any CPU
		{4F6A210E-5CB3-4164-B80C-5EACB288F417}.Release|Any CPU.Build.0 = Release|Any CPU
		{4F6A210E-5CB3-4164-B80C-5EACB288F417}.Release|x64.ActiveCfg = Release|Any CPU
		{4F6A210E-5CB3-4164-B80C-5EACB288F417}.Release|x64.Build.0 = Release|Any CPU
		{4F6A210E-5CB3-4164-B80C-5EACB288F417}.Release|x86.ActiveCfg = Release|Any CPU
		{4F6A210E-5CB3-4164-B80C-5EACB288F417}.Release|x86.Build.0 = Release|Any CPU
		{57E0A5A1-D6CA-48DD-9437-9F8FDA14E7AD}.Debug|Any CPU.ActiveCfg = Debug|Any CPU
		{57E0A5A1-D6CA-48DD-9437-9F8FDA14E7AD}.Debug|Any CPU.Build.0 = Debug|Any CPU
		{57E0A5A1-D6CA-48DD-9437-9F8FDA14E7AD}.Debug|x64.ActiveCfg = Debug|Any CPU
		{57E0A5A1-D6CA-48DD-9437-9F8FDA14E7AD}.Debug|x64.Build.0 = Debug|Any CPU
		{57E0A5A1-D6CA-48DD-9437-9F8FDA14E7AD}.Debug|x86.ActiveCfg = Debug|Any CPU
		{57E0A5A1-D6CA-48DD-9437-9F8FDA14E7AD}.Debug|x86.Build.0 = Debug|Any CPU
		{57E0A5A1-D6CA-48DD-9437-9F8FDA14E7AD}.Release|Any CPU.ActiveCfg = Release|Any CPU
		{57E0A5A1-D6CA-48DD-9437-9F8FDA14E7AD}.Release|Any CPU.Build.0 = Release|Any CPU
		{57E0A5A1-D6CA-48DD-9437-9F8FDA14E7AD}.Release|x64.ActiveCfg = Release|Any CPU
		{57E0A5A1-D6CA-48DD-9437-9F8FDA14E7AD}.Release|x64.Build.0 = Release|Any CPU
		{57E0A5A1-D6CA-48DD-9437-9F8FDA14E7AD}.Release|x86.ActiveCfg = Release|Any CPU
		{57E0A5A1-D6CA-48DD-9437-9F8FDA14E7AD}.Release|x86.Build.0 = Release|Any CPU
		{65CFBB62-7544-436D-84D8-0D61C0E17217}.Debug|Any CPU.ActiveCfg = Debug|Any CPU
		{65CFBB62-7544-436D-84D8-0D61C0E17217}.Debug|Any CPU.Build.0 = Debug|Any CPU
		{65CFBB62-7544-436D-84D8-0D61C0E17217}.Debug|x64.ActiveCfg = Debug|Any CPU
		{65CFBB62-7544-436D-84D8-0D61C0E17217}.Debug|x64.Build.0 = Debug|Any CPU
		{65CFBB62-7544-436D-84D8-0D61C0E17217}.Debug|x86.ActiveCfg = Debug|Any CPU
		{65CFBB62-7544-436D-84D8-0D61C0E17217}.Debug|x86.Build.0 = Debug|Any CPU
		{65CFBB62-7544-436D-84D8-0D61C0E17217}.Release|Any CPU.ActiveCfg = Release|Any CPU
		{65CFBB62-7544-436D-84D8-0D61C0E17217}.Release|Any CPU.Build.0 = Release|Any CPU
		{65CFBB62-7544-436D-84D8-0D61C0E17217}.Release|x64.ActiveCfg = Release|Any CPU
		{65CFBB62-7544-436D-84D8-0D61C0E17217}.Release|x64.Build.0 = Release|Any CPU
		{65CFBB62-7544-436D-84D8-0D61C0E17217}.Release|x86.ActiveCfg = Release|Any CPU
		{65CFBB62-7544-436D-84D8-0D61C0E17217}.Release|x86.Build.0 = Release|Any CPU
		{701F543B-4BE4-4AA0-BE9C-E88A8CE3B74F}.Debug|Any CPU.ActiveCfg = Debug|Any CPU
		{701F543B-4BE4-4AA0-BE9C-E88A8CE3B74F}.Debug|Any CPU.Build.0 = Debug|Any CPU
		{701F543B-4BE4-4AA0-BE9C-E88A8CE3B74F}.Debug|x64.ActiveCfg = Debug|Any CPU
		{701F543B-4BE4-4AA0-BE9C-E88A8CE3B74F}.Debug|x64.Build.0 = Debug|Any CPU
		{701F543B-4BE4-4AA0-BE9C-E88A8CE3B74F}.Debug|x86.ActiveCfg = Debug|Any CPU
		{701F543B-4BE4-4AA0-BE9C-E88A8CE3B74F}.Debug|x86.Build.0 = Debug|Any CPU
		{701F543B-4BE4-4AA0-BE9C-E88A8CE3B74F}.Release|Any CPU.ActiveCfg = Release|Any CPU
		{701F543B-4BE4-4AA0-BE9C-E88A8CE3B74F}.Release|Any CPU.Build.0 = Release|Any CPU
		{701F543B-4BE4-4AA0-BE9C-E88A8CE3B74F}.Release|x64.ActiveCfg = Release|Any CPU
		{701F543B-4BE4-4AA0-BE9C-E88A8CE3B74F}.Release|x64.Build.0 = Release|Any CPU
		{701F543B-4BE4-4AA0-BE9C-E88A8CE3B74F}.Release|x86.ActiveCfg = Release|Any CPU
		{701F543B-4BE4-4AA0-BE9C-E88A8CE3B74F}.Release|x86.Build.0 = Release|Any CPU
	EndGlobalSection
	GlobalSection(SolutionProperties) = preSolution
		HideSolutionNode = FALSE
	EndGlobalSection
	GlobalSection(ExtensibilityGlobals) = postSolution
		SolutionGuid = {A2C91C2C-E9A3-47FA-AAEA-052CEE803BDF}
	EndGlobalSection
EndGlobal
